// !$*UTF8*$!
{
	archiveVersion = 1;
	classes = {
	};
	objectVersion = 46;
	objects = {

/* Begin PBXBuildFile section */
		5DCD8FAC1E4AFD760015855C /* DBVersionMigration2.m in Sources */ = {isa = PBXBuildFile; fileRef = 5DCD8FAB1E4AFD760015855C /* DBVersionMigration2.m */; };
		5DCD8FAD1E4AFD760015855C /* DBVersionMigration2.m in Sources */ = {isa = PBXBuildFile; fileRef = 5DCD8FAB1E4AFD760015855C /* DBVersionMigration2.m */; };
		5DCD8FB41E4B08780015855C /* FMDatabase+AlterTable.m in Sources */ = {isa = PBXBuildFile; fileRef = 5DCD8FB31E4B08780015855C /* FMDatabase+AlterTable.m */; };
		5DCD8FB51E4B08780015855C /* FMDatabase+AlterTable.m in Sources */ = {isa = PBXBuildFile; fileRef = 5DCD8FB31E4B08780015855C /* FMDatabase+AlterTable.m */; };
		5DCD8FBA1E4B11880015855C /* AppDelegate+DatabaseUpdate.m in Sources */ = {isa = PBXBuildFile; fileRef = 5DCD8FB91E4B11880015855C /* AppDelegate+DatabaseUpdate.m */; };
		5DCD8FBB1E4B11880015855C /* AppDelegate+DatabaseUpdate.m in Sources */ = {isa = PBXBuildFile; fileRef = 5DCD8FB91E4B11880015855C /* AppDelegate+DatabaseUpdate.m */; };
		5DE9D5321E49BFCD005171EA /* AppDelegate.m in Sources */ = {isa = PBXBuildFile; fileRef = 5DE9D5061E49BFCD005171EA /* AppDelegate.m */; };
		5DE9D5331E49BFCD005171EA /* Assets.xcassets in Resources */ = {isa = PBXBuildFile; fileRef = 5DE9D5071E49BFCD005171EA /* Assets.xcassets */; };
		5DE9D5341E49BFCD005171EA /* LaunchScreen.storyboard in Resources */ = {isa = PBXBuildFile; fileRef = 5DE9D5081E49BFCD005171EA /* LaunchScreen.storyboard */; };
		5DE9D5351E49BFCD005171EA /* Main.storyboard in Resources */ = {isa = PBXBuildFile; fileRef = 5DE9D50A1E49BFCD005171EA /* Main.storyboard */; };
		5DE9D5361E49BFCD005171EA /* BaseDBModel+ActiveRecord.m in Sources */ = {isa = PBXBuildFile; fileRef = 5DE9D50E1E49BFCD005171EA /* BaseDBModel+ActiveRecord.m */; };
		5DE9D5371E49BFCD005171EA /* BaseDBModel+CreateTable.m in Sources */ = {isa = PBXBuildFile; fileRef = 5DE9D5101E49BFCD005171EA /* BaseDBModel+CreateTable.m */; };
		5DE9D5381E49BFCD005171EA /* BaseDBModel.m in Sources */ = {isa = PBXBuildFile; fileRef = 5DE9D5121E49BFCD005171EA /* BaseDBModel.m */; };
		5DE9D53A1E49BFCD005171EA /* BaseDBVersionMigration.m in Sources */ = {isa = PBXBuildFile; fileRef = 5DE9D51A1E49BFCD005171EA /* BaseDBVersionMigration.m */; };
		5DE9D53B1E49BFCD005171EA /* DatabaseVersionManager.m in Sources */ = {isa = PBXBuildFile; fileRef = 5DE9D51D1E49BFCD005171EA /* DatabaseVersionManager.m */; };
		5DE9D53C1E49BFCD005171EA /* DBVersionMigration1.m in Sources */ = {isa = PBXBuildFile; fileRef = 5DE9D51F1E49BFCD005171EA /* DBVersionMigration1.m */; };
		5DE9D53D1E49BFCD005171EA /* Info.plist in Resources */ = {isa = PBXBuildFile; fileRef = 5DE9D5201E49BFCD005171EA /* Info.plist */; };
		5DE9D53E1E49BFCD005171EA /* main.m in Sources */ = {isa = PBXBuildFile; fileRef = 5DE9D5211E49BFCD005171EA /* main.m */; };
		5DE9D53F1E49BFCD005171EA /* CRUDOperation.m in Sources */ = {isa = PBXBuildFile; fileRef = 5DE9D5241E49BFCD005171EA /* CRUDOperation.m */; };
		5DE9D5401E49BFCD005171EA /* CRUDOperationQueue.m in Sources */ = {isa = PBXBuildFile; fileRef = 5DE9D5261E49BFCD005171EA /* CRUDOperationQueue.m */; };
		5DE9D5411E49BFCD005171EA /* NSString+SQLLink.m in Sources */ = {isa = PBXBuildFile; fileRef = 5DE9D5281E49BFCD005171EA /* NSString+SQLLink.m */; };
		5DE9D5421E49BFCD005171EA /* NSString+SQLOrder.m in Sources */ = {isa = PBXBuildFile; fileRef = 5DE9D52A1E49BFCD005171EA /* NSString+SQLOrder.m */; };
		5DE9D5431E49BFCD005171EA /* SQLExecutor.m in Sources */ = {isa = PBXBuildFile; fileRef = 5DE9D52C1E49BFCD005171EA /* SQLExecutor.m */; };
		5DE9D5441E49BFCD005171EA /* User.m in Sources */ = {isa = PBXBuildFile; fileRef = 5DE9D52E1E49BFCD005171EA /* User.m */; };
		5DE9D5451E49BFCD005171EA /* ViewController.m in Sources */ = {isa = PBXBuildFile; fileRef = 5DE9D5301E49BFCD005171EA /* ViewController.m */; };
		5DE9D5461E49BFCD005171EA /* 已知问题 in Resources */ = {isa = PBXBuildFile; fileRef = 5DE9D5311E49BFCD005171EA /* 已知问题 */; };
		5DE9D5491E49BFFC005171EA /* DBModelTests.m in Sources */ = {isa = PBXBuildFile; fileRef = 5DE9D5471E49BFFC005171EA /* DBModelTests.m */; };
		5DE9D54A1E49BFFC005171EA /* NSOperationTests.m in Sources */ = {isa = PBXBuildFile; fileRef = 5DE9D5481E49BFFC005171EA /* NSOperationTests.m */; };
		5DE9D6111E49C063005171EA /* LICENSE.txt in Resources */ = {isa = PBXBuildFile; fileRef = 5DE9D54C1E49C062005171EA /* LICENSE.txt */; };
		5DE9D6121E49C063005171EA /* README.markdown in Sources */ = {isa = PBXBuildFile; fileRef = 5DE9D54D1E49C062005171EA /* README.markdown */; };
		5DE9D6131E49C063005171EA /* FMDatabase.m in Sources */ = {isa = PBXBuildFile; fileRef = 5DE9D5511E49C062005171EA /* FMDatabase.m */; };
		5DE9D6141E49C063005171EA /* FMDatabaseAdditions.m in Sources */ = {isa = PBXBuildFile; fileRef = 5DE9D5531E49C062005171EA /* FMDatabaseAdditions.m */; };
		5DE9D6151E49C063005171EA /* FMDatabasePool.m in Sources */ = {isa = PBXBuildFile; fileRef = 5DE9D5551E49C062005171EA /* FMDatabasePool.m */; };
		5DE9D6161E49C063005171EA /* FMDatabaseQueue.m in Sources */ = {isa = PBXBuildFile; fileRef = 5DE9D5571E49C062005171EA /* FMDatabaseQueue.m */; };
		5DE9D6171E49C063005171EA /* FMResultSet.m in Sources */ = {isa = PBXBuildFile; fileRef = 5DE9D55A1E49C062005171EA /* FMResultSet.m */; };
		5DE9D7741E49C0ED005171EA /* NSObject+YYModel.m in Sources */ = {isa = PBXBuildFile; fileRef = 5DE9D7701E49C0ED005171EA /* NSObject+YYModel.m */; };
		5DE9D7751E49C0ED005171EA /* YYClassInfo.m in Sources */ = {isa = PBXBuildFile; fileRef = 5DE9D7721E49C0ED005171EA /* YYClassInfo.m */; };
		5DE9D7781E49C107005171EA /* libsqlite3.tbd in Frameworks */ = {isa = PBXBuildFile; fileRef = 5DE9D7771E49C107005171EA /* libsqlite3.tbd */; };
/* End PBXBuildFile section */

/* Begin PBXContainerItemProxy section */
		5DE9D4F41E49BF2F005171EA /* PBXContainerItemProxy */ = {
			isa = PBXContainerItemProxy;
			containerPortal = 5DE9D4D21E49BF2F005171EA /* Project object */;
			proxyType = 1;
			remoteGlobalIDString = 5DE9D4D91E49BF2F005171EA;
			remoteInfo = DBModel;
		};
/* End PBXContainerItemProxy section */

/* Begin PBXFileReference section */
		5DCD8FAA1E4AFD760015855C /* DBVersionMigration2.h */ = {isa = PBXFileReference; fileEncoding = 4; lastKnownFileType = sourcecode.c.h; path = DBVersionMigration2.h; sourceTree = "<group>"; };
		5DCD8FAB1E4AFD760015855C /* DBVersionMigration2.m */ = {isa = PBXFileReference; fileEncoding = 4; lastKnownFileType = sourcecode.c.objc; path = DBVersionMigration2.m; sourceTree = "<group>"; };
		5DCD8FB21E4B08780015855C /* FMDatabase+AlterTable.h */ = {isa = PBXFileReference; fileEncoding = 4; lastKnownFileType = sourcecode.c.h; path = "FMDatabase+AlterTable.h"; sourceTree = "<group>"; };
		5DCD8FB31E4B08780015855C /* FMDatabase+AlterTable.m */ = {isa = PBXFileReference; fileEncoding = 4; lastKnownFileType = sourcecode.c.objc; path = "FMDatabase+AlterTable.m"; sourceTree = "<group>"; };
		5DCD8FB71E4B0F0A0015855C /* DatabaseConstants.h */ = {isa = PBXFileReference; fileEncoding = 4; lastKnownFileType = sourcecode.c.h; path = DatabaseConstants.h; sourceTree = "<group>"; };
		5DCD8FB81E4B11880015855C /* AppDelegate+DatabaseUpdate.h */ = {isa = PBXFileReference; fileEncoding = 4; lastKnownFileType = sourcecode.c.h; path = "AppDelegate+DatabaseUpdate.h"; sourceTree = "<group>"; };
		5DCD8FB91E4B11880015855C /* AppDelegate+DatabaseUpdate.m */ = {isa = PBXFileReference; fileEncoding = 4; lastKnownFileType = sourcecode.c.objc; path = "AppDelegate+DatabaseUpdate.m"; sourceTree = "<group>"; };
		5DE9D4DA1E49BF2F005171EA /* DBModel.app */ = {isa = PBXFileReference; explicitFileType = wrapper.application; includeInIndex = 0; path = DBModel.app; sourceTree = BUILT_PRODUCTS_DIR; };
		5DE9D4F31E49BF2F005171EA /* DBModelTests.xctest */ = {isa = PBXFileReference; explicitFileType = wrapper.cfbundle; includeInIndex = 0; path = DBModelTests.xctest; sourceTree = BUILT_PRODUCTS_DIR; };
		5DE9D4F91E49BF2F005171EA /* Info.plist */ = {isa = PBXFileReference; lastKnownFileType = text.plist.xml; path = Info.plist; sourceTree = "<group>"; };
		5DE9D5051E49BFCD005171EA /* AppDelegate.h */ = {isa = PBXFileReference; fileEncoding = 4; lastKnownFileType = sourcecode.c.h; path = AppDelegate.h; sourceTree = "<group>"; };
		5DE9D5061E49BFCD005171EA /* AppDelegate.m */ = {isa = PBXFileReference; fileEncoding = 4; lastKnownFileType = sourcecode.c.objc; path = AppDelegate.m; sourceTree = "<group>"; };
		5DE9D5071E49BFCD005171EA /* Assets.xcassets */ = {isa = PBXFileReference; lastKnownFileType = folder.assetcatalog; path = Assets.xcassets; sourceTree = "<group>"; };
		5DE9D5091E49BFCD005171EA /* Base */ = {isa = PBXFileReference; lastKnownFileType = file.storyboard; name = Base; path = Base.lproj/LaunchScreen.storyboard; sourceTree = "<group>"; };
		5DE9D50B1E49BFCD005171EA /* Base */ = {isa = PBXFileReference; lastKnownFileType = file.storyboard; name = Base; path = Base.lproj/Main.storyboard; sourceTree = "<group>"; };
		5DE9D50D1E49BFCD005171EA /* BaseDBModel+ActiveRecord.h */ = {isa = PBXFileReference; fileEncoding = 4; lastKnownFileType = sourcecode.c.h; path = "BaseDBModel+ActiveRecord.h"; sourceTree = "<group>"; };
		5DE9D50E1E49BFCD005171EA /* BaseDBModel+ActiveRecord.m */ = {isa = PBXFileReference; fileEncoding = 4; lastKnownFileType = sourcecode.c.objc; path = "BaseDBModel+ActiveRecord.m"; sourceTree = "<group>"; };
		5DE9D50F1E49BFCD005171EA /* BaseDBModel+CreateTable.h */ = {isa = PBXFileReference; fileEncoding = 4; lastKnownFileType = sourcecode.c.h; path = "BaseDBModel+CreateTable.h"; sourceTree = "<group>"; };
		5DE9D5101E49BFCD005171EA /* BaseDBModel+CreateTable.m */ = {isa = PBXFileReference; fileEncoding = 4; lastKnownFileType = sourcecode.c.objc; path = "BaseDBModel+CreateTable.m"; sourceTree = "<group>"; };
		5DE9D5111E49BFCD005171EA /* BaseDBModel.h */ = {isa = PBXFileReference; fileEncoding = 4; lastKnownFileType = sourcecode.c.h; path = BaseDBModel.h; sourceTree = "<group>"; };
		5DE9D5121E49BFCD005171EA /* BaseDBModel.m */ = {isa = PBXFileReference; fileEncoding = 4; lastKnownFileType = sourcecode.c.objc; path = BaseDBModel.m; sourceTree = "<group>"; };
		5DE9D5131E49BFCD005171EA /* TableActiveRecord.h */ = {isa = PBXFileReference; fileEncoding = 4; lastKnownFileType = sourcecode.c.h; path = TableActiveRecord.h; sourceTree = "<group>"; };
		5DE9D5141E49BFCD005171EA /* TableCreator.h */ = {isa = PBXFileReference; fileEncoding = 4; lastKnownFileType = sourcecode.c.h; path = TableCreator.h; sourceTree = "<group>"; };
		5DE9D5151E49BFCD005171EA /* TableFieldFeatures.h */ = {isa = PBXFileReference; fileEncoding = 4; lastKnownFileType = sourcecode.c.h; path = TableFieldFeatures.h; sourceTree = "<group>"; };
		5DE9D5191E49BFCD005171EA /* BaseDBVersionMigration.h */ = {isa = PBXFileReference; fileEncoding = 4; lastKnownFileType = sourcecode.c.h; path = BaseDBVersionMigration.h; sourceTree = "<group>"; };
		5DE9D51A1E49BFCD005171EA /* BaseDBVersionMigration.m */ = {isa = PBXFileReference; fileEncoding = 4; lastKnownFileType = sourcecode.c.objc; path = BaseDBVersionMigration.m; sourceTree = "<group>"; };
		5DE9D51C1E49BFCD005171EA /* DatabaseVersionManager.h */ = {isa = PBXFileReference; fileEncoding = 4; lastKnownFileType = sourcecode.c.h; path = DatabaseVersionManager.h; sourceTree = "<group>"; };
		5DE9D51D1E49BFCD005171EA /* DatabaseVersionManager.m */ = {isa = PBXFileReference; fileEncoding = 4; lastKnownFileType = sourcecode.c.objc; path = DatabaseVersionManager.m; sourceTree = "<group>"; };
		5DE9D51E1E49BFCD005171EA /* DBVersionMigration1.h */ = {isa = PBXFileReference; fileEncoding = 4; lastKnownFileType = sourcecode.c.h; path = DBVersionMigration1.h; sourceTree = "<group>"; };
		5DE9D51F1E49BFCD005171EA /* DBVersionMigration1.m */ = {isa = PBXFileReference; fileEncoding = 4; lastKnownFileType = sourcecode.c.objc; path = DBVersionMigration1.m; sourceTree = "<group>"; };
		5DE9D5201E49BFCD005171EA /* Info.plist */ = {isa = PBXFileReference; fileEncoding = 4; lastKnownFileType = text.plist.xml; path = Info.plist; sourceTree = "<group>"; };
		5DE9D5211E49BFCD005171EA /* main.m */ = {isa = PBXFileReference; fileEncoding = 4; lastKnownFileType = sourcecode.c.objc; path = main.m; sourceTree = "<group>"; };
		5DE9D5231E49BFCD005171EA /* CRUDOperation.h */ = {isa = PBXFileReference; fileEncoding = 4; lastKnownFileType = sourcecode.c.h; path = CRUDOperation.h; sourceTree = "<group>"; };
		5DE9D5241E49BFCD005171EA /* CRUDOperation.m */ = {isa = PBXFileReference; fileEncoding = 4; lastKnownFileType = sourcecode.c.objc; path = CRUDOperation.m; sourceTree = "<group>"; };
		5DE9D5251E49BFCD005171EA /* CRUDOperationQueue.h */ = {isa = PBXFileReference; fileEncoding = 4; lastKnownFileType = sourcecode.c.h; path = CRUDOperationQueue.h; sourceTree = "<group>"; };
		5DE9D5261E49BFCD005171EA /* CRUDOperationQueue.m */ = {isa = PBXFileReference; fileEncoding = 4; lastKnownFileType = sourcecode.c.objc; path = CRUDOperationQueue.m; sourceTree = "<group>"; };
		5DE9D5271E49BFCD005171EA /* NSString+SQLLink.h */ = {isa = PBXFileReference; fileEncoding = 4; lastKnownFileType = sourcecode.c.h; path = "NSString+SQLLink.h"; sourceTree = "<group>"; };
		5DE9D5281E49BFCD005171EA /* NSString+SQLLink.m */ = {isa = PBXFileReference; fileEncoding = 4; lastKnownFileType = sourcecode.c.objc; path = "NSString+SQLLink.m"; sourceTree = "<group>"; };
		5DE9D5291E49BFCD005171EA /* NSString+SQLOrder.h */ = {isa = PBXFileReference; fileEncoding = 4; lastKnownFileType = sourcecode.c.h; path = "NSString+SQLOrder.h"; sourceTree = "<group>"; };
		5DE9D52A1E49BFCD005171EA /* NSString+SQLOrder.m */ = {isa = PBXFileReference; fileEncoding = 4; lastKnownFileType = sourcecode.c.objc; path = "NSString+SQLOrder.m"; sourceTree = "<group>"; };
		5DE9D52B1E49BFCD005171EA /* SQLExecutor.h */ = {isa = PBXFileReference; fileEncoding = 4; lastKnownFileType = sourcecode.c.h; path = SQLExecutor.h; sourceTree = "<group>"; };
		5DE9D52C1E49BFCD005171EA /* SQLExecutor.m */ = {isa = PBXFileReference; fileEncoding = 4; lastKnownFileType = sourcecode.c.objc; path = SQLExecutor.m; sourceTree = "<group>"; };
		5DE9D52D1E49BFCD005171EA /* User.h */ = {isa = PBXFileReference; fileEncoding = 4; lastKnownFileType = sourcecode.c.h; path = User.h; sourceTree = "<group>"; };
		5DE9D52E1E49BFCD005171EA /* User.m */ = {isa = PBXFileReference; fileEncoding = 4; lastKnownFileType = sourcecode.c.objc; path = User.m; sourceTree = "<group>"; };
		5DE9D52F1E49BFCD005171EA /* ViewController.h */ = {isa = PBXFileReference; fileEncoding = 4; lastKnownFileType = sourcecode.c.h; path = ViewController.h; sourceTree = "<group>"; };
		5DE9D5301E49BFCD005171EA /* ViewController.m */ = {isa = PBXFileReference; fileEncoding = 4; lastKnownFileType = sourcecode.c.objc; path = ViewController.m; sourceTree = "<group>"; };
		5DE9D5311E49BFCD005171EA /* 已知问题 */ = {isa = PBXFileReference; fileEncoding = 4; lastKnownFileType = text; path = "已知问题"; sourceTree = "<group>"; };
		5DE9D5471E49BFFC005171EA /* DBModelTests.m */ = {isa = PBXFileReference; fileEncoding = 4; lastKnownFileType = sourcecode.c.objc; path = DBModelTests.m; sourceTree = "<group>"; };
		5DE9D5481E49BFFC005171EA /* NSOperationTests.m */ = {isa = PBXFileReference; fileEncoding = 4; lastKnownFileType = sourcecode.c.objc; path = NSOperationTests.m; sourceTree = "<group>"; };
		5DE9D54C1E49C062005171EA /* LICENSE.txt */ = {isa = PBXFileReference; fileEncoding = 4; lastKnownFileType = text; path = LICENSE.txt; sourceTree = "<group>"; };
		5DE9D54D1E49C062005171EA /* README.markdown */ = {isa = PBXFileReference; fileEncoding = 4; lastKnownFileType = net.daringfireball.markdown; path = README.markdown; sourceTree = "<group>"; };
		5DE9D5501E49C062005171EA /* FMDatabase.h */ = {isa = PBXFileReference; fileEncoding = 4; lastKnownFileType = sourcecode.c.h; path = FMDatabase.h; sourceTree = "<group>"; };
		5DE9D5511E49C062005171EA /* FMDatabase.m */ = {isa = PBXFileReference; fileEncoding = 4; lastKnownFileType = sourcecode.c.objc; path = FMDatabase.m; sourceTree = "<group>"; };
		5DE9D5521E49C062005171EA /* FMDatabaseAdditions.h */ = {isa = PBXFileReference; fileEncoding = 4; lastKnownFileType = sourcecode.c.h; path = FMDatabaseAdditions.h; sourceTree = "<group>"; };
		5DE9D5531E49C062005171EA /* FMDatabaseAdditions.m */ = {isa = PBXFileReference; fileEncoding = 4; lastKnownFileType = sourcecode.c.objc; path = FMDatabaseAdditions.m; sourceTree = "<group>"; };
		5DE9D5541E49C062005171EA /* FMDatabasePool.h */ = {isa = PBXFileReference; fileEncoding = 4; lastKnownFileType = sourcecode.c.h; path = FMDatabasePool.h; sourceTree = "<group>"; };
		5DE9D5551E49C062005171EA /* FMDatabasePool.m */ = {isa = PBXFileReference; fileEncoding = 4; lastKnownFileType = sourcecode.c.objc; path = FMDatabasePool.m; sourceTree = "<group>"; };
		5DE9D5561E49C062005171EA /* FMDatabaseQueue.h */ = {isa = PBXFileReference; fileEncoding = 4; lastKnownFileType = sourcecode.c.h; path = FMDatabaseQueue.h; sourceTree = "<group>"; };
		5DE9D5571E49C062005171EA /* FMDatabaseQueue.m */ = {isa = PBXFileReference; fileEncoding = 4; lastKnownFileType = sourcecode.c.objc; path = FMDatabaseQueue.m; sourceTree = "<group>"; };
		5DE9D5581E49C062005171EA /* FMDB.h */ = {isa = PBXFileReference; fileEncoding = 4; lastKnownFileType = sourcecode.c.h; path = FMDB.h; sourceTree = "<group>"; };
		5DE9D5591E49C062005171EA /* FMResultSet.h */ = {isa = PBXFileReference; fileEncoding = 4; lastKnownFileType = sourcecode.c.h; path = FMResultSet.h; sourceTree = "<group>"; };
		5DE9D55A1E49C062005171EA /* FMResultSet.m */ = {isa = PBXFileReference; fileEncoding = 4; lastKnownFileType = sourcecode.c.objc; path = FMResultSet.m; sourceTree = "<group>"; };
		5DE9D76F1E49C0ED005171EA /* NSObject+YYModel.h */ = {isa = PBXFileReference; fileEncoding = 4; lastKnownFileType = sourcecode.c.h; path = "NSObject+YYModel.h"; sourceTree = "<group>"; };
		5DE9D7701E49C0ED005171EA /* NSObject+YYModel.m */ = {isa = PBXFileReference; fileEncoding = 4; lastKnownFileType = sourcecode.c.objc; path = "NSObject+YYModel.m"; sourceTree = "<group>"; };
		5DE9D7711E49C0ED005171EA /* YYClassInfo.h */ = {isa = PBXFileReference; fileEncoding = 4; lastKnownFileType = sourcecode.c.h; path = YYClassInfo.h; sourceTree = "<group>"; };
		5DE9D7721E49C0ED005171EA /* YYClassInfo.m */ = {isa = PBXFileReference; fileEncoding = 4; lastKnownFileType = sourcecode.c.objc; path = YYClassInfo.m; sourceTree = "<group>"; };
		5DE9D7731E49C0ED005171EA /* YYModel.h */ = {isa = PBXFileReference; fileEncoding = 4; lastKnownFileType = sourcecode.c.h; path = YYModel.h; sourceTree = "<group>"; };
		5DE9D7771E49C107005171EA /* libsqlite3.tbd */ = {isa = PBXFileReference; lastKnownFileType = "sourcecode.text-based-dylib-definition"; name = libsqlite3.tbd; path = usr/lib/libsqlite3.tbd; sourceTree = SDKROOT; };
/* End PBXFileReference section */

/* Begin PBXFrameworksBuildPhase section */
		5DE9D4D71E49BF2F005171EA /* Frameworks */ = {
			isa = PBXFrameworksBuildPhase;
			buildActionMask = 2147483647;
			files = (
				5DE9D7781E49C107005171EA /* libsqlite3.tbd in Frameworks */,
			);
			runOnlyForDeploymentPostprocessing = 0;
		};
		5DE9D4F01E49BF2F005171EA /* Frameworks */ = {
			isa = PBXFrameworksBuildPhase;
			buildActionMask = 2147483647;
			files = (
			);
			runOnlyForDeploymentPostprocessing = 0;
		};
/* End PBXFrameworksBuildPhase section */

/* Begin PBXGroup section */
		5DE9D4D11E49BF2F005171EA = {
			isa = PBXGroup;
			children = (
				5DE9D5041E49BFCD005171EA /* DBModel */,
				5DE9D4F61E49BF2F005171EA /* DBModelTests */,
				5DE9D4DB1E49BF2F005171EA /* Products */,
				5DE9D7761E49C107005171EA /* Frameworks */,
			);
			sourceTree = "<group>";
		};
		5DE9D4DB1E49BF2F005171EA /* Products */ = {
			isa = PBXGroup;
			children = (
				5DE9D4DA1E49BF2F005171EA /* DBModel.app */,
				5DE9D4F31E49BF2F005171EA /* DBModelTests.xctest */,
			);
			name = Products;
			sourceTree = "<group>";
		};
		5DE9D4F61E49BF2F005171EA /* DBModelTests */ = {
			isa = PBXGroup;
			children = (
				5DE9D5471E49BFFC005171EA /* DBModelTests.m */,
				5DE9D5481E49BFFC005171EA /* NSOperationTests.m */,
				5DE9D4F91E49BF2F005171EA /* Info.plist */,
			);
			path = DBModelTests;
			sourceTree = "<group>";
		};
		5DE9D5041E49BFCD005171EA /* DBModel */ = {
			isa = PBXGroup;
			children = (
				5DE9D5311E49BFCD005171EA /* 已知问题 */,
				5DE9D50C1E49BFCD005171EA /* DatabaseModel */,
				5DE9D5161E49BFCD005171EA /* DataBaseVersionManager */,
				5DE9D5221E49BFCD005171EA /* SQLExecutor */,
				5DCD8FB71E4B0F0A0015855C /* DatabaseConstants.h */,
				5DE9D51E1E49BFCD005171EA /* DBVersionMigration1.h */,
				5DE9D51F1E49BFCD005171EA /* DBVersionMigration1.m */,
				5DCD8FAA1E4AFD760015855C /* DBVersionMigration2.h */,
				5DCD8FAB1E4AFD760015855C /* DBVersionMigration2.m */,
				5DE9D52D1E49BFCD005171EA /* User.h */,
				5DE9D52E1E49BFCD005171EA /* User.m */,
				5DE9D5051E49BFCD005171EA /* AppDelegate.h */,
				5DE9D5061E49BFCD005171EA /* AppDelegate.m */,
				5DCD8FB81E4B11880015855C /* AppDelegate+DatabaseUpdate.h */,
				5DCD8FB91E4B11880015855C /* AppDelegate+DatabaseUpdate.m */,
				5DE9D5071E49BFCD005171EA /* Assets.xcassets */,
				5DE9D5081E49BFCD005171EA /* LaunchScreen.storyboard */,
				5DE9D50A1E49BFCD005171EA /* Main.storyboard */,
				5DE9D5201E49BFCD005171EA /* Info.plist */,
				5DE9D5211E49BFCD005171EA /* main.m */,
				5DE9D76E1E49C0ED005171EA /* YYModel */,
				5DE9D54B1E49C062005171EA /* FMDB */,
				5DE9D52F1E49BFCD005171EA /* ViewController.h */,
				5DE9D5301E49BFCD005171EA /* ViewController.m */,
			);
			path = DBModel;
			sourceTree = "<group>";
		};
		5DE9D50C1E49BFCD005171EA /* DatabaseModel */ = {
			isa = PBXGroup;
			children = (
				5DE9D50D1E49BFCD005171EA /* BaseDBModel+ActiveRecord.h */,
				5DE9D50E1E49BFCD005171EA /* BaseDBModel+ActiveRecord.m */,
				5DE9D50F1E49BFCD005171EA /* BaseDBModel+CreateTable.h */,
				5DE9D5101E49BFCD005171EA /* BaseDBModel+CreateTable.m */,
				5DE9D5111E49BFCD005171EA /* BaseDBModel.h */,
				5DE9D5121E49BFCD005171EA /* BaseDBModel.m */,
				5DE9D5131E49BFCD005171EA /* TableActiveRecord.h */,
				5DE9D5141E49BFCD005171EA /* TableCreator.h */,
				5DE9D5151E49BFCD005171EA /* TableFieldFeatures.h */,
			);
			path = DatabaseModel;
			sourceTree = "<group>";
		};
		5DE9D5161E49BFCD005171EA /* DataBaseVersionManager */ = {
			isa = PBXGroup;
			children = (
				5DE9D5191E49BFCD005171EA /* BaseDBVersionMigration.h */,
				5DE9D51A1E49BFCD005171EA /* BaseDBVersionMigration.m */,
				5DE9D51C1E49BFCD005171EA /* DatabaseVersionManager.h */,
				5DE9D51D1E49BFCD005171EA /* DatabaseVersionManager.m */,
				5DCD8FB21E4B08780015855C /* FMDatabase+AlterTable.h */,
				5DCD8FB31E4B08780015855C /* FMDatabase+AlterTable.m */,
			);
			path = DataBaseVersionManager;
			sourceTree = "<group>";
		};
		5DE9D5221E49BFCD005171EA /* SQLExecutor */ = {
			isa = PBXGroup;
			children = (
				5DE9D52B1E49BFCD005171EA /* SQLExecutor.h */,
				5DE9D52C1E49BFCD005171EA /* SQLExecutor.m */,
				5DE9D5231E49BFCD005171EA /* CRUDOperation.h */,
				5DE9D5241E49BFCD005171EA /* CRUDOperation.m */,
				5DE9D5251E49BFCD005171EA /* CRUDOperationQueue.h */,
				5DE9D5261E49BFCD005171EA /* CRUDOperationQueue.m */,
				5DE9D5271E49BFCD005171EA /* NSString+SQLLink.h */,
				5DE9D5281E49BFCD005171EA /* NSString+SQLLink.m */,
				5DE9D5291E49BFCD005171EA /* NSString+SQLOrder.h */,
				5DE9D52A1E49BFCD005171EA /* NSString+SQLOrder.m */,
			);
			path = SQLExecutor;
			sourceTree = "<group>";
		};
		5DE9D54B1E49C062005171EA /* FMDB */ = {
			isa = PBXGroup;
			children = (
				5DE9D54C1E49C062005171EA /* LICENSE.txt */,
				5DE9D54D1E49C062005171EA /* README.markdown */,
				5DE9D54E1E49C062005171EA /* src */,
			);
			path = FMDB;
			sourceTree = "<group>";
		};
		5DE9D54E1E49C062005171EA /* src */ = {
			isa = PBXGroup;
			children = (
				5DE9D54F1E49C062005171EA /* fmdb */,
			);
			path = src;
			sourceTree = "<group>";
		};
		5DE9D54F1E49C062005171EA /* fmdb */ = {
			isa = PBXGroup;
			children = (
				5DE9D5501E49C062005171EA /* FMDatabase.h */,
				5DE9D5511E49C062005171EA /* FMDatabase.m */,
				5DE9D5521E49C062005171EA /* FMDatabaseAdditions.h */,
				5DE9D5531E49C062005171EA /* FMDatabaseAdditions.m */,
				5DE9D5541E49C062005171EA /* FMDatabasePool.h */,
				5DE9D5551E49C062005171EA /* FMDatabasePool.m */,
				5DE9D5561E49C062005171EA /* FMDatabaseQueue.h */,
				5DE9D5571E49C062005171EA /* FMDatabaseQueue.m */,
				5DE9D5581E49C062005171EA /* FMDB.h */,
				5DE9D5591E49C062005171EA /* FMResultSet.h */,
				5DE9D55A1E49C062005171EA /* FMResultSet.m */,
			);
			path = fmdb;
			sourceTree = "<group>";
		};
		5DE9D76E1E49C0ED005171EA /* YYModel */ = {
			isa = PBXGroup;
			children = (
				5DE9D76F1E49C0ED005171EA /* NSObject+YYModel.h */,
				5DE9D7701E49C0ED005171EA /* NSObject+YYModel.m */,
				5DE9D7711E49C0ED005171EA /* YYClassInfo.h */,
				5DE9D7721E49C0ED005171EA /* YYClassInfo.m */,
				5DE9D7731E49C0ED005171EA /* YYModel.h */,
			);
			path = YYModel;
			sourceTree = "<group>";
		};
		5DE9D7761E49C107005171EA /* Frameworks */ = {
			isa = PBXGroup;
			children = (
				5DE9D7771E49C107005171EA /* libsqlite3.tbd */,
			);
			name = Frameworks;
			sourceTree = "<group>";
		};
/* End PBXGroup section */

/* Begin PBXNativeTarget section */
		5DE9D4D91E49BF2F005171EA /* DBModel */ = {
			isa = PBXNativeTarget;
			buildConfigurationList = 5DE9D4FC1E49BF2F005171EA /* Build configuration list for PBXNativeTarget "DBModel" */;
			buildPhases = (
				5DE9D4D61E49BF2F005171EA /* Sources */,
				5DE9D4D71E49BF2F005171EA /* Frameworks */,
				5DE9D4D81E49BF2F005171EA /* Resources */,
			);
			buildRules = (
			);
			dependencies = (
			);
			name = DBModel;
			productName = DBModel;
			productReference = 5DE9D4DA1E49BF2F005171EA /* DBModel.app */;
			productType = "com.apple.product-type.application";
		};
		5DE9D4F21E49BF2F005171EA /* DBModelTests */ = {
			isa = PBXNativeTarget;
			buildConfigurationList = 5DE9D4FF1E49BF2F005171EA /* Build configuration list for PBXNativeTarget "DBModelTests" */;
			buildPhases = (
				5DE9D4EF1E49BF2F005171EA /* Sources */,
				5DE9D4F01E49BF2F005171EA /* Frameworks */,
				5DE9D4F11E49BF2F005171EA /* Resources */,
			);
			buildRules = (
			);
			dependencies = (
				5DE9D4F51E49BF2F005171EA /* PBXTargetDependency */,
			);
			name = DBModelTests;
			productName = DBModelTests;
			productReference = 5DE9D4F31E49BF2F005171EA /* DBModelTests.xctest */;
			productType = "com.apple.product-type.bundle.unit-test";
		};
/* End PBXNativeTarget section */

/* Begin PBXProject section */
		5DE9D4D21E49BF2F005171EA /* Project object */ = {
			isa = PBXProject;
			attributes = {
				LastUpgradeCheck = 0820;
				ORGANIZATIONNAME = zyz;
				TargetAttributes = {
					5DE9D4D91E49BF2F005171EA = {
						CreatedOnToolsVersion = 8.2.1;
						DevelopmentTeam = 854E4B6PP3;
						ProvisioningStyle = Automatic;
					};
					5DE9D4F21E49BF2F005171EA = {
						CreatedOnToolsVersion = 8.2.1;
						DevelopmentTeam = 854E4B6PP3;
						ProvisioningStyle = Automatic;
						TestTargetID = 5DE9D4D91E49BF2F005171EA;
					};
				};
			};
			buildConfigurationList = 5DE9D4D51E49BF2F005171EA /* Build configuration list for PBXProject "DBModel" */;
			compatibilityVersion = "Xcode 3.2";
			developmentRegion = English;
			hasScannedForEncodings = 0;
			knownRegions = (
				Base,
			);
			mainGroup = 5DE9D4D11E49BF2F005171EA;
			productRefGroup = 5DE9D4DB1E49BF2F005171EA /* Products */;
			projectDirPath = "";
			projectRoot = "";
			targets = (
				5DE9D4D91E49BF2F005171EA /* DBModel */,
				5DE9D4F21E49BF2F005171EA /* DBModelTests */,
			);
		};
/* End PBXProject section */

/* Begin PBXResourcesBuildPhase section */
		5DE9D4D81E49BF2F005171EA /* Resources */ = {
			isa = PBXResourcesBuildPhase;
			buildActionMask = 2147483647;
			files = (
				5DE9D6111E49C063005171EA /* LICENSE.txt in Resources */,
				5DE9D5461E49BFCD005171EA /* 已知问题 in Resources */,
				5DE9D53D1E49BFCD005171EA /* Info.plist in Resources */,
				5DE9D5351E49BFCD005171EA /* Main.storyboard in Resources */,
				5DE9D5331E49BFCD005171EA /* Assets.xcassets in Resources */,
				5DE9D5341E49BFCD005171EA /* LaunchScreen.storyboard in Resources */,
			);
			runOnlyForDeploymentPostprocessing = 0;
		};
		5DE9D4F11E49BF2F005171EA /* Resources */ = {
			isa = PBXResourcesBuildPhase;
			buildActionMask = 2147483647;
			files = (
			);
			runOnlyForDeploymentPostprocessing = 0;
		};
/* End PBXResourcesBuildPhase section */

/* Begin PBXSourcesBuildPhase section */
		5DE9D4D61E49BF2F005171EA /* Sources */ = {
			isa = PBXSourcesBuildPhase;
			buildActionMask = 2147483647;
			files = (
				5DE9D5371E49BFCD005171EA /* BaseDBModel+CreateTable.m in Sources */,
				5DCD8FB41E4B08780015855C /* FMDatabase+AlterTable.m in Sources */,
				5DE9D5431E49BFCD005171EA /* SQLExecutor.m in Sources */,
				5DE9D5321E49BFCD005171EA /* AppDelegate.m in Sources */,
				5DE9D6131E49C063005171EA /* FMDatabase.m in Sources */,
				5DE9D7751E49C0ED005171EA /* YYClassInfo.m in Sources */,
				5DE9D5381E49BFCD005171EA /* BaseDBModel.m in Sources */,
				5DE9D5401E49BFCD005171EA /* CRUDOperationQueue.m in Sources */,
				5DE9D5441E49BFCD005171EA /* User.m in Sources */,
				5DE9D53F1E49BFCD005171EA /* CRUDOperation.m in Sources */,
				5DE9D6171E49C063005171EA /* FMResultSet.m in Sources */,
				5DE9D5361E49BFCD005171EA /* BaseDBModel+ActiveRecord.m in Sources */,
				5DE9D5411E49BFCD005171EA /* NSString+SQLLink.m in Sources */,
				5DE9D53A1E49BFCD005171EA /* BaseDBVersionMigration.m in Sources */,
				5DE9D5451E49BFCD005171EA /* ViewController.m in Sources */,
				5DE9D5421E49BFCD005171EA /* NSString+SQLOrder.m in Sources */,
				5DCD8FBA1E4B11880015855C /* AppDelegate+DatabaseUpdate.m in Sources */,
				5DE9D53B1E49BFCD005171EA /* DatabaseVersionManager.m in Sources */,
				5DCD8FAC1E4AFD760015855C /* DBVersionMigration2.m in Sources */,
				5DE9D6141E49C063005171EA /* FMDatabaseAdditions.m in Sources */,
				5DE9D53E1E49BFCD005171EA /* main.m in Sources */,
				5DE9D6161E49C063005171EA /* FMDatabaseQueue.m in Sources */,
				5DE9D7741E49C0ED005171EA /* NSObject+YYModel.m in Sources */,
				5DE9D6151E49C063005171EA /* FMDatabasePool.m in Sources */,
				5DE9D53C1E49BFCD005171EA /* DBVersionMigration1.m in Sources */,
				5DE9D6121E49C063005171EA /* README.markdown in Sources */,
			);
			runOnlyForDeploymentPostprocessing = 0;
		};
		5DE9D4EF1E49BF2F005171EA /* Sources */ = {
			isa = PBXSourcesBuildPhase;
			buildActionMask = 2147483647;
			files = (
				5DE9D54A1E49BFFC005171EA /* NSOperationTests.m in Sources */,
				5DCD8FB51E4B08780015855C /* FMDatabase+AlterTable.m in Sources */,
				5DE9D5491E49BFFC005171EA /* DBModelTests.m in Sources */,
				5DCD8FAD1E4AFD760015855C /* DBVersionMigration2.m in Sources */,
				5DCD8FBB1E4B11880015855C /* AppDelegate+DatabaseUpdate.m in Sources */,
			);
			runOnlyForDeploymentPostprocessing = 0;
		};
/* End PBXSourcesBuildPhase section */

/* Begin PBXTargetDependency section */
		5DE9D4F51E49BF2F005171EA /* PBXTargetDependency */ = {
			isa = PBXTargetDependency;
			target = 5DE9D4D91E49BF2F005171EA /* DBModel */;
			targetProxy = 5DE9D4F41E49BF2F005171EA /* PBXContainerItemProxy */;
		};
/* End PBXTargetDependency section */

/* Begin PBXVariantGroup section */
		5DE9D5081E49BFCD005171EA /* LaunchScreen.storyboard */ = {
			isa = PBXVariantGroup;
			children = (
				5DE9D5091E49BFCD005171EA /* Base */,
			);
			name = LaunchScreen.storyboard;
			sourceTree = "<group>";
		};
		5DE9D50A1E49BFCD005171EA /* Main.storyboard */ = {
			isa = PBXVariantGroup;
			children = (
				5DE9D50B1E49BFCD005171EA /* Base */,
			);
			name = Main.storyboard;
			sourceTree = "<group>";
		};
/* End PBXVariantGroup section */

/* Begin XCBuildConfiguration section */
		5DE9D4FA1E49BF2F005171EA /* Debug */ = {
			isa = XCBuildConfiguration;
			buildSettings = {
				ALWAYS_SEARCH_USER_PATHS = NO;
				CLANG_ANALYZER_NONNULL = YES;
				CLANG_CXX_LANGUAGE_STANDARD = "gnu++0x";
				CLANG_CXX_LIBRARY = "libc++";
				CLANG_ENABLE_MODULES = YES;
				CLANG_ENABLE_OBJC_ARC = YES;
				CLANG_WARN_BOOL_CONVERSION = YES;
				CLANG_WARN_CONSTANT_CONVERSION = YES;
				CLANG_WARN_DIRECT_OBJC_ISA_USAGE = YES_ERROR;
				CLANG_WARN_DOCUMENTATION_COMMENTS = YES;
				CLANG_WARN_EMPTY_BODY = YES;
				CLANG_WARN_ENUM_CONVERSION = YES;
				CLANG_WARN_INFINITE_RECURSION = YES;
				CLANG_WARN_INT_CONVERSION = YES;
				CLANG_WARN_OBJC_ROOT_CLASS = YES_ERROR;
				CLANG_WARN_SUSPICIOUS_MOVE = YES;
				CLANG_WARN_UNREACHABLE_CODE = YES;
				CLANG_WARN__DUPLICATE_METHOD_MATCH = YES;
				"CODE_SIGN_IDENTITY[sdk=iphoneos*]" = "iPhone Developer";
				COPY_PHASE_STRIP = NO;
				DEBUG_INFORMATION_FORMAT = dwarf;
				ENABLE_STRICT_OBJC_MSGSEND = YES;
				ENABLE_TESTABILITY = YES;
				GCC_C_LANGUAGE_STANDARD = gnu99;
				GCC_DYNAMIC_NO_PIC = NO;
				GCC_NO_COMMON_BLOCKS = YES;
				GCC_OPTIMIZATION_LEVEL = 0;
				GCC_PREPROCESSOR_DEFINITIONS = (
					"DEBUG=1",
					"$(inherited)",
				);
				GCC_WARN_64_TO_32_BIT_CONVERSION = YES;
				GCC_WARN_ABOUT_RETURN_TYPE = YES_ERROR;
				GCC_WARN_UNDECLARED_SELECTOR = YES;
				GCC_WARN_UNINITIALIZED_AUTOS = YES_AGGRESSIVE;
				GCC_WARN_UNUSED_FUNCTION = YES;
				GCC_WARN_UNUSED_VARIABLE = YES;
				IPHONEOS_DEPLOYMENT_TARGET = 10.2;
				MTL_ENABLE_DEBUG_INFO = YES;
				ONLY_ACTIVE_ARCH = YES;
				SDKROOT = iphoneos;
				TARGETED_DEVICE_FAMILY = "1,2";
			};
			name = Debug;
		};
		5DE9D4FB1E49BF2F005171EA /* Release */ = {
			isa = XCBuildConfiguration;
			buildSettings = {
				ALWAYS_SEARCH_USER_PATHS = NO;
				CLANG_ANALYZER_NONNULL = YES;
				CLANG_CXX_LANGUAGE_STANDARD = "gnu++0x";
				CLANG_CXX_LIBRARY = "libc++";
				CLANG_ENABLE_MODULES = YES;
				CLANG_ENABLE_OBJC_ARC = YES;
				CLANG_WARN_BOOL_CONVERSION = YES;
				CLANG_WARN_CONSTANT_CONVERSION = YES;
				CLANG_WARN_DIRECT_OBJC_ISA_USAGE = YES_ERROR;
				CLANG_WARN_DOCUMENTATION_COMMENTS = YES;
				CLANG_WARN_EMPTY_BODY = YES;
				CLANG_WARN_ENUM_CONVERSION = YES;
				CLANG_WARN_INFINITE_RECURSION = YES;
				CLANG_WARN_INT_CONVERSION = YES;
				CLANG_WARN_OBJC_ROOT_CLASS = YES_ERROR;
				CLANG_WARN_SUSPICIOUS_MOVE = YES;
				CLANG_WARN_UNREACHABLE_CODE = YES;
				CLANG_WARN__DUPLICATE_METHOD_MATCH = YES;
				"CODE_SIGN_IDENTITY[sdk=iphoneos*]" = "iPhone Developer";
				COPY_PHASE_STRIP = NO;
				DEBUG_INFORMATION_FORMAT = "dwarf-with-dsym";
				ENABLE_NS_ASSERTIONS = NO;
				ENABLE_STRICT_OBJC_MSGSEND = YES;
				GCC_C_LANGUAGE_STANDARD = gnu99;
				GCC_NO_COMMON_BLOCKS = YES;
				GCC_WARN_64_TO_32_BIT_CONVERSION = YES;
				GCC_WARN_ABOUT_RETURN_TYPE = YES_ERROR;
				GCC_WARN_UNDECLARED_SELECTOR = YES;
				GCC_WARN_UNINITIALIZED_AUTOS = YES_AGGRESSIVE;
				GCC_WARN_UNUSED_FUNCTION = YES;
				GCC_WARN_UNUSED_VARIABLE = YES;
				IPHONEOS_DEPLOYMENT_TARGET = 10.2;
				MTL_ENABLE_DEBUG_INFO = NO;
				SDKROOT = iphoneos;
				TARGETED_DEVICE_FAMILY = "1,2";
				VALIDATE_PRODUCT = YES;
			};
			name = Release;
		};
		5DE9D4FD1E49BF2F005171EA /* Debug */ = {
			isa = XCBuildConfiguration;
			buildSettings = {
				ASSETCATALOG_COMPILER_APPICON_NAME = AppIcon;
				DEVELOPMENT_TEAM = 854E4B6PP3;
				FRAMEWORK_SEARCH_PATHS = (
					"$(inherited)",
					"$(PROJECT_DIR)/DBModel/YYKit/Vendor",
				);
				INFOPLIST_FILE = DBModel/Info.plist;
				LD_RUNPATH_SEARCH_PATHS = "$(inherited) @executable_path/Frameworks";
				PRODUCT_BUNDLE_IDENTIFIER = com.zyz.DBModel;
				PRODUCT_NAME = "$(TARGET_NAME)";
			};
			name = Debug;
		};
		5DE9D4FE1E49BF2F005171EA /* Release */ = {
			isa = XCBuildConfiguration;
			buildSettings = {
				ASSETCATALOG_COMPILER_APPICON_NAME = AppIcon;
				DEVELOPMENT_TEAM = 854E4B6PP3;
				FRAMEWORK_SEARCH_PATHS = (
					"$(inherited)",
					"$(PROJECT_DIR)/DBModel/YYKit/Vendor",
				);
				INFOPLIST_FILE = DBModel/Info.plist;
				LD_RUNPATH_SEARCH_PATHS = "$(inherited) @executable_path/Frameworks";
				PRODUCT_BUNDLE_IDENTIFIER = com.zyz.DBModel;
				PRODUCT_NAME = "$(TARGET_NAME)";
			};
			name = Release;
		};
		5DE9D5001E49BF2F005171EA /* Debug */ = {
			isa = XCBuildConfiguration;
			buildSettings = {
				BUNDLE_LOADER = "$(TEST_HOST)";
				DEVELOPMENT_TEAM = 854E4B6PP3;
				INFOPLIST_FILE = DBModelTests/Info.plist;
				LD_RUNPATH_SEARCH_PATHS = "$(inherited) @executable_path/Frameworks @loader_path/Frameworks";
				PRODUCT_BUNDLE_IDENTIFIER = com.zyz.test.all.DBModelTests;
				PRODUCT_NAME = "$(TARGET_NAME)";
				TEST_HOST = "$(BUILT_PRODUCTS_DIR)/DBModel.app/DBModel";
			};
			name = Debug;
		};
		5DE9D5011E49BF2F005171EA /* Release */ = {
			isa = XCBuildConfiguration;
			buildSettings = {
				BUNDLE_LOADER = "$(TEST_HOST)";
				DEVELOPMENT_TEAM = 854E4B6PP3;
				INFOPLIST_FILE = DBModelTests/Info.plist;
				LD_RUNPATH_SEARCH_PATHS = "$(inherited) @executable_path/Frameworks @loader_path/Frameworks";
				PRODUCT_BUNDLE_IDENTIFIER = com.zyz.test.all.DBModelTests;
				PRODUCT_NAME = "$(TARGET_NAME)";
				TEST_HOST = "$(BUILT_PRODUCTS_DIR)/DBModel.app/DBModel";
			};
			name = Release;
		};
/* End XCBuildConfiguration section */

/* Begin XCConfigurationList section */
		5DE9D4D51E49BF2F005171EA /* Build configuration list for PBXProject "DBModel" */ = {
			isa = XCConfigurationList;
			buildConfigurations = (
				5DE9D4FA1E49BF2F005171EA /* Debug */,
				5DE9D4FB1E49BF2F005171EA /* Release */,
			);
			defaultConfigurationIsVisible = 0;
			defaultConfigurationName = Release;
		};
		5DE9D4FC1E49BF2F005171EA /* Build configuration list for PBXNativeTarget "DBModel" */ = {
			isa = XCConfigurationList;
			buildConfigurations = (
				5DE9D4FD1E49BF2F005171EA /* Debug */,
				5DE9D4FE1E49BF2F005171EA /* Release */,
			);
			defaultConfigurationIsVisible = 0;
			defaultConfigurationName = Release;
		};
		5DE9D4FF1E49BF2F005171EA /* Build configuration list for PBXNativeTarget "DBModelTests" */ = {
			isa = XCConfigurationList;
			buildConfigurations = (
				5DE9D5001E49BF2F005171EA /* Debug */,
				5DE9D5011E49BF2F005171EA /* Release */,
			);
			defaultConfigurationIsVisible = 0;
			defaultConfigurationName = Release;
		};
/* End XCConfigurationList section */
	};
	rootObject = 5DE9D4D21E49BF2F005171EA /* Project object */;
}
